Microsoft Visual Studio Solution File, Format Version 12.00
# Visual Studio Version 17
VisualStudioVersion = 17.5.2.0
MinimumVisualStudioVersion = 10.0.40219.1
Project("{FAE04EC0-301F-11D3-BF4B-00C04F79EFBC}") = "GoodWeather.Tests", "GoodWeather.Tests\GoodWeather.Tests.csproj", "{5C42A821-EA72-1493-6290-EA8D7224ED77}"
EndProject
Project("{FAE04EC0-301F-11D3-BF4B-00C04F79EFBC}") = "GoodWeather", "GoodWeather\GoodWeather.csproj", "{C2D11634-E674-7547-716F-E7CD34EB256B}"
EndProject
Global
	GlobalSection(SolutionConfigurationPlatforms) = preSolution
		Debug|Any CPU = Debug|Any CPU
		Release|Any CPU = Release|Any CPU
	EndGlobalSection
	GlobalSection(ProjectConfigurationPlatforms) = postSolution
		{5C42A821-EA72-1493-6290-EA8D7224ED77}.Debug|Any CPU.ActiveCfg = Debug|Any CPU
		{5C42A821-EA72-1493-6290-EA8D7224ED77}.Debug|Any CPU.Build.0 = Debug|Any CPU
		{5C42A821-EA72-1493-6290-EA8D7224ED77}.Release|Any CPU.ActiveCfg = Release|Any CPU
		{5C42A821-EA72-1493-6290-EA8D7224ED77}.Release|Any CPU.Build.0 = Release|Any CPU
		{C2D11634-E674-7547-716F-E7CD34EB256B}.Debug|Any CPU.ActiveCfg = Debug|Any CPU
		{C2D11634-E674-7547-716F-E7CD34EB256B}.Debug|Any CPU.Build.0 = Debug|Any CPU
		{C2D11634-E674-7547-716F-E7CD34EB256B}.Release|Any CPU.ActiveCfg = Release|Any CPU
		{C2D11634-E674-7547-716F-E7CD34EB256B}.Release|Any CPU.Build.0 = Release|Any CPU
	EndGlobalSection
	GlobalSection(SolutionProperties) = preSolution
		HideSolutionNode = FALSE
	EndGlobalSection
	GlobalSection(ExtensibilityGlobals) = postSolution
		SolutionGuid = {577FA6CC-2612-4A2D-82A1-61A754A65C41}
	EndGlobalSection
EndGlobal
